
Microsoft Visual Studio Solution File, Format Version 12.00
# Visual Studio Version 16
VisualStudioVersion = 16.0.29926.136
MinimumVisualStudioVersion = 10.0.40219.1
Project("{9A19103F-16F7-4668-BE54-9A1E7A4F7556}") = "Kafka.Publisher.POC", "Kafka.Publisher.POC\Kafka.Publisher.POC.csproj", "{68804D39-41A4-426A-ADF9-CD2D9CA4CC9C}"
EndProject
Project("{9A19103F-16F7-4668-BE54-9A1E7A4F7556}") = "Kafka.Common.POC", "Kafka.Common.POC\Kafka.Common.POC.csproj", "{6CD9F0C7-3B28-4A05-8B8F-1EEB5362D406}"
EndProject
Project("{9A19103F-16F7-4668-BE54-9A1E7A4F7556}") = "Kafka.Subscriber.POC", "Kafka.Subscriber.POC\Kafka.Subscriber.POC.csproj", "{06E35BD1-C568-4F14-8D7D-FBF3370244E2}"
EndProject
Global
	GlobalSection(SolutionConfigurationPlatforms) = preSolution
		Debug|Any CPU = Debug|Any CPU
		Release|Any CPU = Release|Any CPU
	EndGlobalSection
	GlobalSection(ProjectConfigurationPlatforms) = postSolution
		{68804D39-41A4-426A-ADF9-CD2D9CA4CC9C}.Debug|Any CPU.ActiveCfg = Debug|Any CPU
		{68804D39-41A4-426A-ADF9-CD2D9CA4CC9C}.Debug|Any CPU.Build.0 = Debug|Any CPU
		{68804D39-41A4-426A-ADF9-CD2D9CA4CC9C}.Release|Any CPU.ActiveCfg = Release|Any CPU
		{68804D39-41A4-426A-ADF9-CD2D9CA4CC9C}.Release|Any CPU.Build.0 = Release|Any CPU
		{6CD9F0C7-3B28-4A05-8B8F-1EEB5362D406}.Debug|Any CPU.ActiveCfg = Debug|Any CPU
		{6CD9F0C7-3B28-4A05-8B8F-1EEB5362D406}.Debug|Any CPU.Build.0 = Debug|Any CPU
		{6CD9F0C7-3B28-4A05-8B8F-1EEB5362D406}.Release|Any CPU.ActiveCfg = Release|Any CPU
		{6CD9F0C7-3B28-4A05-8B8F-1EEB5362D406}.Release|Any CPU.Build.0 = Release|Any CPU
		{06E35BD1-C568-4F14-8D7D-FBF3370244E2}.Debug|Any CPU.ActiveCfg = Debug|Any CPU
		{06E35BD1-C568-4F14-8D7D-FBF3370244E2}.Debug|Any CPU.Build.0 = Debug|Any CPU
		{06E35BD1-C568-4F14-8D7D-FBF3370244E2}.Release|Any CPU.ActiveCfg = Release|Any CPU
		{06E35BD1-C568-4F14-8D7D-FBF3370244E2}.Release|Any CPU.Build.0 = Release|Any CPU
	EndGlobalSection
	GlobalSection(SolutionProperties) = preSolution
		HideSolutionNode = FALSE
	EndGlobalSection
	GlobalSection(ExtensibilityGlobals) = postSolution
		SolutionGuid = {0ADD5065-0E1F-4A3F-80FC-7F017AB11262}
	EndGlobalSection
EndGlobal
